
Microsoft Visual Studio Solution File, Format Version 12.00
# Visual Studio Version 16
VisualStudioVersion = 16.0.31624.102
MinimumVisualStudioVersion = 10.0.40219.1
Project("{9A19103F-16F7-4668-BE54-9A1E7A4F7556}") = "DanceEvent", "DanceEvent\DanceEvent.csproj", "{AEB40848-ACDC-4057-9CFF-E5E564ED750C}"
EndProject
Project("{2150E333-8FDC-42A3-9474-1A3956D46DE8}") = "src", "src", "{7A66A621-CB3D-48CF-9E50-44DBA706E91F}"
EndProject
Project("{FAE04EC0-301F-11D3-BF4B-00C04F79EFBC}") = "DanceEvent.Domain", "DanceEvent.Domain\DanceEvent.Domain.csproj", "{FB66591D-1FA7-4DBF-AA13-6F7DE3A22A60}"
EndProject
Project("{FAE04EC0-301F-11D3-BF4B-00C04F79EFBC}") = "DanceEvent.Application", "DanceEvent.Application\DanceEvent.Application.csproj", "{0D4EC309-E27F-4BCA-9C69-31B5D2CFDDD1}"
EndProject
Global
	GlobalSection(SolutionConfigurationPlatforms) = preSolution
		Debug|Any CPU = Debug|Any CPU
		Release|Any CPU = Release|Any CPU
	EndGlobalSection
	GlobalSection(ProjectConfigurationPlatforms) = postSolution
		{AEB40848-ACDC-4057-9CFF-E5E564ED750C}.Debug|Any CPU.ActiveCfg = Debug|Any CPU
		{AEB40848-ACDC-4057-9CFF-E5E564ED750C}.Debug|Any CPU.Build.0 = Debug|Any CPU
		{AEB40848-ACDC-4057-9CFF-E5E564ED750C}.Release|Any CPU.ActiveCfg = Release|Any CPU
		{AEB40848-ACDC-4057-9CFF-E5E564ED750C}.Release|Any CPU.Build.0 = Release|Any CPU
		{FB66591D-1FA7-4DBF-AA13-6F7DE3A22A60}.Debug|Any CPU.ActiveCfg = Debug|Any CPU
		{FB66591D-1FA7-4DBF-AA13-6F7DE3A22A60}.Debug|Any CPU.Build.0 = Debug|Any CPU
		{FB66591D-1FA7-4DBF-AA13-6F7DE3A22A60}.Release|Any CPU.ActiveCfg = Release|Any CPU
		{FB66591D-1FA7-4DBF-AA13-6F7DE3A22A60}.Release|Any CPU.Build.0 = Release|Any CPU
		{0D4EC309-E27F-4BCA-9C69-31B5D2CFDDD1}.Debug|Any CPU.ActiveCfg = Debug|Any CPU
		{0D4EC309-E27F-4BCA-9C69-31B5D2CFDDD1}.Debug|Any CPU.Build.0 = Debug|Any CPU
		{0D4EC309-E27F-4BCA-9C69-31B5D2CFDDD1}.Release|Any CPU.ActiveCfg = Release|Any CPU
		{0D4EC309-E27F-4BCA-9C69-31B5D2CFDDD1}.Release|Any CPU.Build.0 = Release|Any CPU
	EndGlobalSection
	GlobalSection(SolutionProperties) = preSolution
		HideSolutionNode = FALSE
	EndGlobalSection
	GlobalSection(NestedProjects) = preSolution
		{AEB40848-ACDC-4057-9CFF-E5E564ED750C} = {7A66A621-CB3D-48CF-9E50-44DBA706E91F}
		{FB66591D-1FA7-4DBF-AA13-6F7DE3A22A60} = {7A66A621-CB3D-48CF-9E50-44DBA706E91F}
		{0D4EC309-E27F-4BCA-9C69-31B5D2CFDDD1} = {7A66A621-CB3D-48CF-9E50-44DBA706E91F}
	EndGlobalSection
	GlobalSection(ExtensibilityGlobals) = postSolution
		SolutionGuid = {3CA76166-2437-4E05-A41D-4B27F3AF7802}
	EndGlobalSection
EndGlobal
